// !$*UTF8*$!
{
	archiveVersion = 1;
	classes = {
	};
	objectVersion = 46;
	objects = {

/* Begin PBXBuildFile section */
		A19695691EBD8FF900A4DB05 /* AppDelegate.swift in Sources */ = {isa = PBXBuildFile; fileRef = A19695681EBD8FF900A4DB05 /* AppDelegate.swift */; };
		A196956E1EBD8FF900A4DB05 /* Main.storyboard in Resources */ = {isa = PBXBuildFile; fileRef = A196956C1EBD8FF900A4DB05 /* Main.storyboard */; };
		A19695701EBD8FF900A4DB05 /* Assets.xcassets in Resources */ = {isa = PBXBuildFile; fileRef = A196956F1EBD8FF900A4DB05 /* Assets.xcassets */; };
		A19695731EBD8FF900A4DB05 /* LaunchScreen.storyboard in Resources */ = {isa = PBXBuildFile; fileRef = A19695711EBD8FF900A4DB05 /* LaunchScreen.storyboard */; };
		A19695811EBD908A00A4DB05 /* MainVC.swift in Sources */ = {isa = PBXBuildFile; fileRef = A19695801EBD908A00A4DB05 /* MainVC.swift */; };
		A19695841EBD927300A4DB05 /* DropShadow.swift in Sources */ = {isa = PBXBuildFile; fileRef = A19695831EBD927300A4DB05 /* DropShadow.swift */; };
		A19695861EBD936E00A4DB05 /* HeaderView.swift in Sources */ = {isa = PBXBuildFile; fileRef = A19695851EBD936E00A4DB05 /* HeaderView.swift */; };
		A19695881EBD94DC00A4DB05 /* Taco.swift in Sources */ = {isa = PBXBuildFile; fileRef = A19695871EBD94DC00A4DB05 /* Taco.swift */; };
		A196958A1EBD98A300A4DB05 /* DataService.swift in Sources */ = {isa = PBXBuildFile; fileRef = A19695891EBD98A300A4DB05 /* DataService.swift */; };
		A196958D1EBD9AFB00A4DB05 /* TacoCell.swift in Sources */ = {isa = PBXBuildFile; fileRef = A196958B1EBD9AFB00A4DB05 /* TacoCell.swift */; };
		A196958E1EBD9AFB00A4DB05 /* TacoCell.xib in Resources */ = {isa = PBXBuildFile; fileRef = A196958C1EBD9AFB00A4DB05 /* TacoCell.xib */; };
		A19695901EBDA7C300A4DB05 /* ReusableView.swift in Sources */ = {isa = PBXBuildFile; fileRef = A196958F1EBDA7C300A4DB05 /* ReusableView.swift */; };
		A19695921EBDAA4F00A4DB05 /* NibLoadableView.swift in Sources */ = {isa = PBXBuildFile; fileRef = A19695911EBDAA4F00A4DB05 /* NibLoadableView.swift */; };
		A19695941EBDAAEC00A4DB05 /* UICollectionView+Ext.swift in Sources */ = {isa = PBXBuildFile; fileRef = A19695931EBDAAEC00A4DB05 /* UICollectionView+Ext.swift */; };
		A19695961EBDB31400A4DB05 /* MutableCollection+Ext.swift in Sources */ = {isa = PBXBuildFile; fileRef = A19695951EBDB31400A4DB05 /* MutableCollection+Ext.swift */; };
		A19695981EBDB47F00A4DB05 /* Shakeable.swift in Sources */ = {isa = PBXBuildFile; fileRef = A19695971EBDB47F00A4DB05 /* Shakeable.swift */; };
/* End PBXBuildFile section */

/* Begin PBXFileReference section */
		A19695651EBD8FF900A4DB05 /* TacoPOP.app */ = {isa = PBXFileReference; explicitFileType = wrapper.application; includeInIndex = 0; path = TacoPOP.app; sourceTree = BUILT_PRODUCTS_DIR; };
		A19695681EBD8FF900A4DB05 /* AppDelegate.swift */ = {isa = PBXFileReference; lastKnownFileType = sourcecode.swift; path = AppDelegate.swift; sourceTree = "<group>"; };
		A196956D1EBD8FF900A4DB05 /* Base */ = {isa = PBXFileReference; lastKnownFileType = file.storyboard; name = Base; path = Base.lproj/Main.storyboard; sourceTree = "<group>"; };
		A196956F1EBD8FF900A4DB05 /* Assets.xcassets */ = {isa = PBXFileReference; lastKnownFileType = folder.assetcatalog; path = Assets.xcassets; sourceTree = "<group>"; };
		A19695721EBD8FF900A4DB05 /* Base */ = {isa = PBXFileReference; lastKnownFileType = file.storyboard; name = Base; path = Base.lproj/LaunchScreen.storyboard; sourceTree = "<group>"; };
		A19695741EBD8FF900A4DB05 /* Info.plist */ = {isa = PBXFileReference; lastKnownFileType = text.plist.xml; path = Info.plist; sourceTree = "<group>"; };
		A19695801EBD908A00A4DB05 /* MainVC.swift */ = {isa = PBXFileReference; fileEncoding = 4; lastKnownFileType = sourcecode.swift; path = MainVC.swift; sourceTree = "<group>"; };
		A19695831EBD927300A4DB05 /* DropShadow.swift */ = {isa = PBXFileReference; fileEncoding = 4; lastKnownFileType = sourcecode.swift; path = DropShadow.swift; sourceTree = "<group>"; };
		A19695851EBD936E00A4DB05 /* HeaderView.swift */ = {isa = PBXFileReference; fileEncoding = 4; lastKnownFileType = sourcecode.swift; path = HeaderView.swift; sourceTree = "<group>"; };
		A19695871EBD94DC00A4DB05 /* Taco.swift */ = {isa = PBXFileReference; fileEncoding = 4; lastKnownFileType = sourcecode.swift; path = Taco.swift; sourceTree = "<group>"; };
		A19695891EBD98A300A4DB05 /* DataService.swift */ = {isa = PBXFileReference; fileEncoding = 4; lastKnownFileType = sourcecode.swift; path = DataService.swift; sourceTree = "<group>"; };
		A196958B1EBD9AFB00A4DB05 /* TacoCell.swift */ = {isa = PBXFileReference; fileEncoding = 4; lastKnownFileType = sourcecode.swift; path = TacoCell.swift; sourceTree = "<group>"; };
		A196958C1EBD9AFB00A4DB05 /* TacoCell.xib */ = {isa = PBXFileReference; fileEncoding = 4; lastKnownFileType = file.xib; path = TacoCell.xib; sourceTree = "<group>"; };
		A196958F1EBDA7C300A4DB05 /* ReusableView.swift */ = {isa = PBXFileReference; fileEncoding = 4; lastKnownFileType = sourcecode.swift; path = ReusableView.swift; sourceTree = "<group>"; };
		A19695911EBDAA4F00A4DB05 /* NibLoadableView.swift */ = {isa = PBXFileReference; fileEncoding = 4; lastKnownFileType = sourcecode.swift; path = NibLoadableView.swift; sourceTree = "<group>"; };
		A19695931EBDAAEC00A4DB05 /* UICollectionView+Ext.swift */ = {isa = PBXFileReference; fileEncoding = 4; lastKnownFileType = sourcecode.swift; path = "UICollectionView+Ext.swift"; sourceTree = "<group>"; };
		A19695951EBDB31400A4DB05 /* MutableCollection+Ext.swift */ = {isa = PBXFileReference; fileEncoding = 4; lastKnownFileType = sourcecode.swift; path = "MutableCollection+Ext.swift"; sourceTree = "<group>"; };
		A19695971EBDB47F00A4DB05 /* Shakeable.swift */ = {isa = PBXFileReference; fileEncoding = 4; lastKnownFileType = sourcecode.swift; path = Shakeable.swift; sourceTree = "<group>"; };
/* End PBXFileReference section */

/* Begin PBXFrameworksBuildPhase section */
		A19695621EBD8FF900A4DB05 /* Frameworks */ = {
			isa = PBXFrameworksBuildPhase;
			buildActionMask = 2147483647;
			files = (
			);
			runOnlyForDeploymentPostprocessing = 0;
		};
/* End PBXFrameworksBuildPhase section */

/* Begin PBXGroup section */
		A196955C1EBD8FF900A4DB05 = {
			isa = PBXGroup;
			children = (
				A19695671EBD8FF900A4DB05 /* TacoPOP */,
				A19695661EBD8FF900A4DB05 /* Products */,
			);
			sourceTree = "<group>";
		};
		A19695661EBD8FF900A4DB05 /* Products */ = {
			isa = PBXGroup;
			children = (
				A19695651EBD8FF900A4DB05 /* TacoPOP.app */,
			);
			name = Products;
			sourceTree = "<group>";
		};
		A19695671EBD8FF900A4DB05 /* TacoPOP */ = {
			isa = PBXGroup;
			children = (
				A196957F1EBD902F00A4DB05 /* Extensions */,
				A196957E1EBD902700A4DB05 /* Protocols */,
				A196957C1EBD901600A4DB05 /* Model */,
				A196957B1EBD901200A4DB05 /* View */,
				A196957A1EBD900A00A4DB05 /* Controller */,
				A196957D1EBD901B00A4DB05 /* Resources */,
			);
			path = TacoPOP;
			sourceTree = "<group>";
		};
		A196957A1EBD900A00A4DB05 /* Controller */ = {
			isa = PBXGroup;
			children = (
				A19695681EBD8FF900A4DB05 /* AppDelegate.swift */,
				A19695801EBD908A00A4DB05 /* MainVC.swift */,
			);
			name = Controller;
			sourceTree = "<group>";
		};
		A196957B1EBD901200A4DB05 /* View */ = {
			isa = PBXGroup;
			children = (
				A196956C1EBD8FF900A4DB05 /* Main.storyboard */,
				A19695711EBD8FF900A4DB05 /* LaunchScreen.storyboard */,
				A19695851EBD936E00A4DB05 /* HeaderView.swift */,
				A196958B1EBD9AFB00A4DB05 /* TacoCell.swift */,
				A196958C1EBD9AFB00A4DB05 /* TacoCell.xib */,
			);
			name = View;
			sourceTree = "<group>";
		};
		A196957C1EBD901600A4DB05 /* Model */ = {
			isa = PBXGroup;
			children = (
				A19695871EBD94DC00A4DB05 /* Taco.swift */,
				A19695891EBD98A300A4DB05 /* DataService.swift */,
			);
			name = Model;
			sourceTree = "<group>";
		};
		A196957D1EBD901B00A4DB05 /* Resources */ = {
			isa = PBXGroup;
			children = (
				A196956F1EBD8FF900A4DB05 /* Assets.xcassets */,
				A19695741EBD8FF900A4DB05 /* Info.plist */,
			);
			name = Resources;
			sourceTree = "<group>";
		};
		A196957E1EBD902700A4DB05 /* Protocols */ = {
			isa = PBXGroup;
			children = (
				A19695831EBD927300A4DB05 /* DropShadow.swift */,
				A196958F1EBDA7C300A4DB05 /* ReusableView.swift */,
				A19695911EBDAA4F00A4DB05 /* NibLoadableView.swift */,
				A19695971EBDB47F00A4DB05 /* Shakeable.swift */,
			);
			name = Protocols;
			sourceTree = "<group>";
		};
		A196957F1EBD902F00A4DB05 /* Extensions */ = {
			isa = PBXGroup;
			children = (
				A19695931EBDAAEC00A4DB05 /* UICollectionView+Ext.swift */,
				A19695951EBDB31400A4DB05 /* MutableCollection+Ext.swift */,
			);
			name = Extensions;
			sourceTree = "<group>";
		};
/* End PBXGroup section */

/* Begin PBXNativeTarget section */
		A19695641EBD8FF900A4DB05 /* TacoPOP */ = {
			isa = PBXNativeTarget;
			buildConfigurationList = A19695771EBD8FF900A4DB05 /* Build configuration list for PBXNativeTarget "TacoPOP" */;
			buildPhases = (
				A19695611EBD8FF900A4DB05 /* Sources */,
				A19695621EBD8FF900A4DB05 /* Frameworks */,
				A19695631EBD8FF900A4DB05 /* Resources */,
			);
			buildRules = (
			);
			dependencies = (
			);
			name = TacoPOP;
			productName = TacoPOP;
			productReference = A19695651EBD8FF900A4DB05 /* TacoPOP.app */;
			productType = "com.apple.product-type.application";
		};
/* End PBXNativeTarget section */

/* Begin PBXProject section */
		A196955D1EBD8FF900A4DB05 /* Project object */ = {
			isa = PBXProject;
			attributes = {
				LastSwiftUpdateCheck = 0830;
				LastUpgradeCheck = 0830;
				ORGANIZATIONNAME = EdUHK;
				TargetAttributes = {
					A19695641EBD8FF900A4DB05 = {
						CreatedOnToolsVersion = 8.3.2;
						DevelopmentTeam = 946ZM2ST6E;
						ProvisioningStyle = Automatic;
					};
				};
			};
			buildConfigurationList = A19695601EBD8FF900A4DB05 /* Build configuration list for PBXProject "TacoPOP" */;
			compatibilityVersion = "Xcode 3.2";
			developmentRegion = English;
			hasScannedForEncodings = 0;
			knownRegions = (
				en,
				Base,
			);
			mainGroup = A196955C1EBD8FF900A4DB05;
			productRefGroup = A19695661EBD8FF900A4DB05 /* Products */;
			projectDirPath = "";
			projectRoot = "";
			targets = (
				A19695641EBD8FF900A4DB05 /* TacoPOP */,
			);
		};
/* End PBXProject section */

/* Begin PBXResourcesBuildPhase section */
		A19695631EBD8FF900A4DB05 /* Resources */ = {
			isa = PBXResourcesBuildPhase;
			buildActionMask = 2147483647;
			files = (
				A196958E1EBD9AFB00A4DB05 /* TacoCell.xib in Resources */,
				A19695731EBD8FF900A4DB05 /* LaunchScreen.storyboard in Resources */,
				A19695701EBD8FF900A4DB05 /* Assets.xcassets in Resources */,
				A196956E1EBD8FF900A4DB05 /* Main.storyboard in Resources */,
			);
			runOnlyForDeploymentPostprocessing = 0;
		};
/* End PBXResourcesBuildPhase section */

/* Begin PBXSourcesBuildPhase section */
		A19695611EBD8FF900A4DB05 /* Sources */ = {
			isa = PBXSourcesBuildPhase;
			buildActionMask = 2147483647;
			files = (
				A196958D1EBD9AFB00A4DB05 /* TacoCell.swift in Sources */,
				A19695961EBDB31400A4DB05 /* MutableCollection+Ext.swift in Sources */,
				A19695691EBD8FF900A4DB05 /* AppDelegate.swift in Sources */,
				A19695841EBD927300A4DB05 /* DropShadow.swift in Sources */,
				A19695921EBDAA4F00A4DB05 /* NibLoadableView.swift in Sources */,
				A19695941EBDAAEC00A4DB05 /* UICollectionView+Ext.swift in Sources */,
				A19695901EBDA7C300A4DB05 /* ReusableView.swift in Sources */,
				A19695811EBD908A00A4DB05 /* MainVC.swift in Sources */,
				A196958A1EBD98A300A4DB05 /* DataService.swift in Sources */,
				A19695881EBD94DC00A4DB05 /* Taco.swift in Sources */,
				A19695981EBDB47F00A4DB05 /* Shakeable.swift in Sources */,
				A19695861EBD936E00A4DB05 /* HeaderView.swift in Sources */,
			);
			runOnlyForDeploymentPostprocessing = 0;
		};
/* End PBXSourcesBuildPhase section */

/* Begin PBXVariantGroup section */
		A196956C1EBD8FF900A4DB05 /* Main.storyboard */ = {
			isa = PBXVariantGroup;
			children = (
				A196956D1EBD8FF900A4DB05 /* Base */,
			);
			name = Main.storyboard;
			sourceTree = "<group>";
		};
		A19695711EBD8FF900A4DB05 /* LaunchScreen.storyboard */ = {
			isa = PBXVariantGroup;
			children = (
				A19695721EBD8FF900A4DB05 /* Base */,
			);
			name = LaunchScreen.storyboard;
			sourceTree = "<group>";
		};
/* End PBXVariantGroup section */

/* Begin XCBuildConfiguration section */
		A19695751EBD8FF900A4DB05 /* Debug */ = {
			isa = XCBuildConfiguration;
			buildSettings = {
				ALWAYS_SEARCH_USER_PATHS = NO;
				CLANG_ANALYZER_NONNULL = YES;
				CLANG_ANALYZER_NUMBER_OBJECT_CONVERSION = YES_AGGRESSIVE;
				CLANG_CXX_LANGUAGE_STANDARD = "gnu++0x";
				CLANG_CXX_LIBRARY = "libc++";
				CLANG_ENABLE_MODULES = YES;
				CLANG_ENABLE_OBJC_ARC = YES;
				CLANG_WARN_BOOL_CONVERSION = YES;
				CLANG_WARN_CONSTANT_CONVERSION = YES;
				CLANG_WARN_DIRECT_OBJC_ISA_USAGE = YES_ERROR;
				CLANG_WARN_DOCUMENTATION_COMMENTS = YES;
				CLANG_WARN_EMPTY_BODY = YES;
				CLANG_WARN_ENUM_CONVERSION = YES;
				CLANG_WARN_INFINITE_RECURSION = YES;
				CLANG_WARN_INT_CONVERSION = YES;
				CLANG_WARN_OBJC_ROOT_CLASS = YES_ERROR;
				CLANG_WARN_SUSPICIOUS_MOVE = YES;
				CLANG_WARN_UNREACHABLE_CODE = YES;
				CLANG_WARN__DUPLICATE_METHOD_MATCH = YES;
				"CODE_SIGN_IDENTITY[sdk=iphoneos*]" = "iPhone Developer";
				COPY_PHASE_STRIP = NO;
				DEBUG_INFORMATION_FORMAT = dwarf;
				ENABLE_STRICT_OBJC_MSGSEND = YES;
				ENABLE_TESTABILITY = YES;
				GCC_C_LANGUAGE_STANDARD = gnu99;
				GCC_DYNAMIC_NO_PIC = NO;
				GCC_NO_COMMON_BLOCKS = YES;
				GCC_OPTIMIZATION_LEVEL = 0;
				GCC_PREPROCESSOR_DEFINITIONS = (
					"DEBUG=1",
					"$(inherited)",
				);
				GCC_WARN_64_TO_32_BIT_CONVERSION = YES;
				GCC_WARN_ABOUT_RETURN_TYPE = YES_ERROR;
				GCC_WARN_UNDECLARED_SELECTOR = YES;
				GCC_WARN_UNINITIALIZED_AUTOS = YES_AGGRESSIVE;
				GCC_WARN_UNUSED_FUNCTION = YES;
				GCC_WARN_UNUSED_VARIABLE = YES;
				IPHONEOS_DEPLOYMENT_TARGET = 10.3;
				MTL_ENABLE_DEBUG_INFO = YES;
				ONLY_ACTIVE_ARCH = YES;
				SDKROOT = iphoneos;
				SWIFT_ACTIVE_COMPILATION_CONDITIONS = DEBUG;
				SWIFT_OPTIMIZATION_LEVEL = "-Onone";
				TARGETED_DEVICE_FAMILY = "1,2";
			};
			name = Debug;
		};
		A19695761EBD8FF900A4DB05 /* Release */ = {
			isa = XCBuildConfiguration;
			buildSettings = {
				ALWAYS_SEARCH_USER_PATHS = NO;
				CLANG_ANALYZER_NONNULL = YES;
				CLANG_ANALYZER_NUMBER_OBJECT_CONVERSION = YES_AGGRESSIVE;
				CLANG_CXX_LANGUAGE_STANDARD = "gnu++0x";
				CLANG_CXX_LIBRARY = "libc++";
				CLANG_ENABLE_MODULES = YES;
				CLANG_ENABLE_OBJC_ARC = YES;
				CLANG_WARN_BOOL_CONVERSION = YES;
				CLANG_WARN_CONSTANT_CONVERSION = YES;
				CLANG_WARN_DIRECT_OBJC_ISA_USAGE = YES_ERROR;
				CLANG_WARN_DOCUMENTATION_COMMENTS = YES;
				CLANG_WARN_EMPTY_BODY = YES;
				CLANG_WARN_ENUM_CONVERSION = YES;
				CLANG_WARN_INFINITE_RECURSION = YES;
				CLANG_WARN_INT_CONVERSION = YES;
				CLANG_WARN_OBJC_ROOT_CLASS = YES_ERROR;
				CLANG_WARN_SUSPICIOUS_MOVE = YES;
				CLANG_WARN_UNREACHABLE_CODE = YES;
				CLANG_WARN__DUPLICATE_METHOD_MATCH = YES;
				"CODE_SIGN_IDENTITY[sdk=iphoneos*]" = "iPhone Developer";
				COPY_PHASE_STRIP = NO;
				DEBUG_INFORMATION_FORMAT = "dwarf-with-dsym";
				ENABLE_NS_ASSERTIONS = NO;
				ENABLE_STRICT_OBJC_MSGSEND = YES;
				GCC_C_LANGUAGE_STANDARD = gnu99;
				GCC_NO_COMMON_BLOCKS = YES;
				GCC_WARN_64_TO_32_BIT_CONVERSION = YES;
				GCC_WARN_ABOUT_RETURN_TYPE = YES_ERROR;
				GCC_WARN_UNDECLARED_SELECTOR = YES;
				GCC_WARN_UNINITIALIZED_AUTOS = YES_AGGRESSIVE;
				GCC_WARN_UNUSED_FUNCTION = YES;
				GCC_WARN_UNUSED_VARIABLE = YES;
				IPHONEOS_DEPLOYMENT_TARGET = 10.3;
				MTL_ENABLE_DEBUG_INFO = NO;
				SDKROOT = iphoneos;
				SWIFT_OPTIMIZATION_LEVEL = "-Owholemodule";
				TARGETED_DEVICE_FAMILY = "1,2";
				VALIDATE_PRODUCT = YES;
			};
			name = Release;
		};
		A19695781EBD8FF900A4DB05 /* Debug */ = {
			isa = XCBuildConfiguration;
			buildSettings = {
				ASSETCATALOG_COMPILER_APPICON_NAME = AppIcon;
				DEVELOPMENT_TEAM = 946ZM2ST6E;
				INFOPLIST_FILE = TacoPOP/Info.plist;
				LD_RUNPATH_SEARCH_PATHS = "$(inherited) @executable_path/Frameworks";
				PRODUCT_BUNDLE_IDENTIFIER = ThunderKo.TacoPOP;
				PRODUCT_NAME = "$(TARGET_NAME)";
				SWIFT_VERSION = 3.0;
			};
			name = Debug;
		};
		A19695791EBD8FF900A4DB05 /* Release */ = {
			isa = XCBuildConfiguration;
			buildSettings = {
				ASSETCATALOG_COMPILER_APPICON_NAME = AppIcon;
				DEVELOPMENT_TEAM = 946ZM2ST6E;
				INFOPLIST_FILE = TacoPOP/Info.plist;
				LD_RUNPATH_SEARCH_PATHS = "$(inherited) @executable_path/Frameworks";
				PRODUCT_BUNDLE_IDENTIFIER = ThunderKo.TacoPOP;
				PRODUCT_NAME = "$(TARGET_NAME)";
				SWIFT_VERSION = 3.0;
			};
			name = Release;
		};
/* End XCBuildConfiguration section */

/* Begin XCConfigurationList section */
		A19695601EBD8FF900A4DB05 /* Build configuration list for PBXProject "TacoPOP" */ = {
			isa = XCConfigurationList;
			buildConfigurations = (
				A19695751EBD8FF900A4DB05 /* Debug */,
				A19695761EBD8FF900A4DB05 /* Release */,
			);
			defaultConfigurationIsVisible = 0;
			defaultConfigurationName = Release;
		};
		A19695771EBD8FF900A4DB05 /* Build configuration list for PBXNativeTarget "TacoPOP" */ = {
			isa = XCConfigurationList;
			buildConfigurations = (
				A19695781EBD8FF900A4DB05 /* Debug */,
				A19695791EBD8FF900A4DB05 /* Release */,
			);
			defaultConfigurationIsVisible = 0;
		};
/* End XCConfigurationList section */
	};
	rootObject = A196955D1EBD8FF900A4DB05 /* Project object */;
}
